// !$*UTF8*$!
{
	archiveVersion = 1;
	classes = {
	};
	objectVersion = 50;
	objects = {

/* Begin PBXBuildFile section */
		FC4250272266C24500A4A502 /* GDButton.swift in Sources */ = {isa = PBXBuildFile; fileRef = FC4250262266C24500A4A502 /* GDButton.swift */; };
		FC55FB60225E8ACD00D0297D /* AppDelegate.swift in Sources */ = {isa = PBXBuildFile; fileRef = FC55FB5F225E8ACD00D0297D /* AppDelegate.swift */; };
		FC55FB62225E8ACD00D0297D /* WelcomeController.swift in Sources */ = {isa = PBXBuildFile; fileRef = FC55FB61225E8ACD00D0297D /* WelcomeController.swift */; };
		FC55FB68225E8ACD00D0297D /* GetItDone.xcdatamodeld in Sources */ = {isa = PBXBuildFile; fileRef = FC55FB66225E8ACD00D0297D /* GetItDone.xcdatamodeld */; };
		FC55FB6A225E8ACE00D0297D /* Assets.xcassets in Resources */ = {isa = PBXBuildFile; fileRef = FC55FB69225E8ACE00D0297D /* Assets.xcassets */; };
		FC55FB6D225E8ACE00D0297D /* LaunchScreen.storyboard in Resources */ = {isa = PBXBuildFile; fileRef = FC55FB6B225E8ACE00D0297D /* LaunchScreen.storyboard */; };
		FC55FB75225E9F1C00D0297D /* GDGradient.swift in Sources */ = {isa = PBXBuildFile; fileRef = FC55FB74225E9F1C00D0297D /* GDGradient.swift */; };
		FC55FB78225EA3BE00D0297D /* extension.swift in Sources */ = {isa = PBXBuildFile; fileRef = FC55FB77225EA3BE00D0297D /* extension.swift */; };
		FC55FB7B225EACCC00D0297D /* GDLabel.swift in Sources */ = {isa = PBXBuildFile; fileRef = FC55FB7A225EACCC00D0297D /* GDLabel.swift */; };
/* End PBXBuildFile section */

/* Begin PBXFileReference section */
		FC4250262266C24500A4A502 /* GDButton.swift */ = {isa = PBXFileReference; lastKnownFileType = sourcecode.swift; path = GDButton.swift; sourceTree = "<group>"; };
		FC55FB5C225E8ACD00D0297D /* GetItDone.app */ = {isa = PBXFileReference; explicitFileType = wrapper.application; includeInIndex = 0; path = GetItDone.app; sourceTree = BUILT_PRODUCTS_DIR; };
		FC55FB5F225E8ACD00D0297D /* AppDelegate.swift */ = {isa = PBXFileReference; lastKnownFileType = sourcecode.swift; path = AppDelegate.swift; sourceTree = "<group>"; };
		FC55FB61225E8ACD00D0297D /* WelcomeController.swift */ = {isa = PBXFileReference; lastKnownFileType = sourcecode.swift; path = WelcomeController.swift; sourceTree = "<group>"; };
		FC55FB67225E8ACD00D0297D /* GetItDone.xcdatamodel */ = {isa = PBXFileReference; lastKnownFileType = wrapper.xcdatamodel; path = GetItDone.xcdatamodel; sourceTree = "<group>"; };
		FC55FB69225E8ACE00D0297D /* Assets.xcassets */ = {isa = PBXFileReference; lastKnownFileType = folder.assetcatalog; path = Assets.xcassets; sourceTree = "<group>"; };
		FC55FB6C225E8ACE00D0297D /* Base */ = {isa = PBXFileReference; lastKnownFileType = file.storyboard; name = Base; path = Base.lproj/LaunchScreen.storyboard; sourceTree = "<group>"; };
		FC55FB6E225E8ACE00D0297D /* Info.plist */ = {isa = PBXFileReference; lastKnownFileType = text.plist.xml; path = Info.plist; sourceTree = "<group>"; };
		FC55FB74225E9F1C00D0297D /* GDGradient.swift */ = {isa = PBXFileReference; lastKnownFileType = sourcecode.swift; path = GDGradient.swift; sourceTree = "<group>"; };
		FC55FB77225EA3BE00D0297D /* extension.swift */ = {isa = PBXFileReference; lastKnownFileType = sourcecode.swift; path = extension.swift; sourceTree = "<group>"; };
		FC55FB7A225EACCC00D0297D /* GDLabel.swift */ = {isa = PBXFileReference; lastKnownFileType = sourcecode.swift; path = GDLabel.swift; sourceTree = "<group>"; };
		FC55FB7E225EB0BF00D0297D /* Raleway-v4020-Regular.otf */ = {isa = PBXFileReference; lastKnownFileType = file; path = "Raleway-v4020-Regular.otf"; sourceTree = "<group>"; };
		FC55FB7F225EB1F500D0297D /* Raleway-v4020-SemiBold.otf */ = {isa = PBXFileReference; lastKnownFileType = file; path = "Raleway-v4020-SemiBold.otf"; sourceTree = "<group>"; };
/* End PBXFileReference section */

/* Begin PBXFrameworksBuildPhase section */
		FC55FB59225E8ACD00D0297D /* Frameworks */ = {
			isa = PBXFrameworksBuildPhase;
			buildActionMask = 2147483647;
			files = (
			);
			runOnlyForDeploymentPostprocessing = 0;
		};
/* End PBXFrameworksBuildPhase section */

/* Begin PBXGroup section */
		FC55FB53225E8ACD00D0297D = {
			isa = PBXGroup;
			children = (
				FC55FB5E225E8ACD00D0297D /* GetItDone */,
				FC55FB5D225E8ACD00D0297D /* Products */,
			);
			sourceTree = "<group>";
		};
		FC55FB5D225E8ACD00D0297D /* Products */ = {
			isa = PBXGroup;
			children = (
				FC55FB5C225E8ACD00D0297D /* GetItDone.app */,
			);
			name = Products;
			sourceTree = "<group>";
		};
		FC55FB5E225E8ACD00D0297D /* GetItDone */ = {
			isa = PBXGroup;
			children = (
				FC55FB76225EA3A100D0297D /* extension */,
				FC55FB79225EACAE00D0297D /* controls */,
				FC55FB7C225EB06D00D0297D /* fonts */,
				FC55FB5F225E8ACD00D0297D /* AppDelegate.swift */,
				FC55FB61225E8ACD00D0297D /* WelcomeController.swift */,
				FC55FB69225E8ACE00D0297D /* Assets.xcassets */,
				FC55FB6B225E8ACE00D0297D /* LaunchScreen.storyboard */,
				FC55FB6E225E8ACE00D0297D /* Info.plist */,
				FC55FB66225E8ACD00D0297D /* GetItDone.xcdatamodeld */,
			);
			path = GetItDone;
			sourceTree = "<group>";
		};
		FC55FB76225EA3A100D0297D /* extension */ = {
			isa = PBXGroup;
			children = (
				FC55FB77225EA3BE00D0297D /* extension.swift */,
			);
			path = extension;
			sourceTree = "<group>";
		};
		FC55FB79225EACAE00D0297D /* controls */ = {
			isa = PBXGroup;
			children = (
				FC55FB74225E9F1C00D0297D /* GDGradient.swift */,
				FC55FB7A225EACCC00D0297D /* GDLabel.swift */,
				FC4250262266C24500A4A502 /* GDButton.swift */,
			);
			path = controls;
			sourceTree = "<group>";
		};
		FC55FB7C225EB06D00D0297D /* fonts */ = {
			isa = PBXGroup;
			children = (
				FC55FB7E225EB0BF00D0297D /* Raleway-v4020-Regular.otf */,
				FC55FB7F225EB1F500D0297D /* Raleway-v4020-SemiBold.otf */,
			);
			path = fonts;
			sourceTree = "<group>";
		};
/* End PBXGroup section */

/* Begin PBXNativeTarget section */
		FC55FB5B225E8ACD00D0297D /* GetItDone */ = {
			isa = PBXNativeTarget;
			buildConfigurationList = FC55FB71225E8ACE00D0297D /* Build configuration list for PBXNativeTarget "GetItDone" */;
			buildPhases = (
				FC55FB58225E8ACD00D0297D /* Sources */,
				FC55FB59225E8ACD00D0297D /* Frameworks */,
				FC55FB5A225E8ACD00D0297D /* Resources */,
			);
			buildRules = (
			);
			dependencies = (
			);
			name = GetItDone;
			productName = GetItDone;
			productReference = FC55FB5C225E8ACD00D0297D /* GetItDone.app */;
			productType = "com.apple.product-type.application";
		};
/* End PBXNativeTarget section */

/* Begin PBXProject section */
		FC55FB54225E8ACD00D0297D /* Project object */ = {
			isa = PBXProject;
			attributes = {
				LastSwiftUpdateCheck = 1020;
				LastUpgradeCheck = 1020;
				ORGANIZATIONNAME = omrobbie;
				TargetAttributes = {
					FC55FB5B225E8ACD00D0297D = {
						CreatedOnToolsVersion = 10.2;
					};
				};
			};
			buildConfigurationList = FC55FB57225E8ACD00D0297D /* Build configuration list for PBXProject "GetItDone" */;
			compatibilityVersion = "Xcode 9.3";
			developmentRegion = en;
			hasScannedForEncodings = 0;
			knownRegions = (
				en,
				Base,
			);
			mainGroup = FC55FB53225E8ACD00D0297D;
			productRefGroup = FC55FB5D225E8ACD00D0297D /* Products */;
			projectDirPath = "";
			projectRoot = "";
			targets = (
				FC55FB5B225E8ACD00D0297D /* GetItDone */,
			);
		};
/* End PBXProject section */

/* Begin PBXResourcesBuildPhase section */
		FC55FB5A225E8ACD00D0297D /* Resources */ = {
			isa = PBXResourcesBuildPhase;
			buildActionMask = 2147483647;
			files = (
				FC55FB6D225E8ACE00D0297D /* LaunchScreen.storyboard in Resources */,
				FC55FB6A225E8ACE00D0297D /* Assets.xcassets in Resources */,
			);
			runOnlyForDeploymentPostprocessing = 0;
		};
/* End PBXResourcesBuildPhase section */

/* Begin PBXSourcesBuildPhase section */
		FC55FB58225E8ACD00D0297D /* Sources */ = {
			isa = PBXSourcesBuildPhase;
			buildActionMask = 2147483647;
			files = (
				FC55FB75225E9F1C00D0297D /* GDGradient.swift in Sources */,
				FC4250272266C24500A4A502 /* GDButton.swift in Sources */,
				FC55FB62225E8ACD00D0297D /* WelcomeController.swift in Sources */,
				FC55FB68225E8ACD00D0297D /* GetItDone.xcdatamodeld in Sources */,
				FC55FB7B225EACCC00D0297D /* GDLabel.swift in Sources */,
				FC55FB78225EA3BE00D0297D /* extension.swift in Sources */,
				FC55FB60225E8ACD00D0297D /* AppDelegate.swift in Sources */,
			);
			runOnlyForDeploymentPostprocessing = 0;
		};
/* End PBXSourcesBuildPhase section */

/* Begin PBXVariantGroup section */
		FC55FB6B225E8ACE00D0297D /* LaunchScreen.storyboard */ = {
			isa = PBXVariantGroup;
			children = (
				FC55FB6C225E8ACE00D0297D /* Base */,
			);
			name = LaunchScreen.storyboard;
			sourceTree = "<group>";
		};
/* End PBXVariantGroup section */

/* Begin XCBuildConfiguration section */
		FC55FB6F225E8ACE00D0297D /* Debug */ = {
			isa = XCBuildConfiguration;
			buildSettings = {
				ALWAYS_SEARCH_USER_PATHS = NO;
				CLANG_ANALYZER_NONNULL = YES;
				CLANG_ANALYZER_NUMBER_OBJECT_CONVERSION = YES_AGGRESSIVE;
				CLANG_CXX_LANGUAGE_STANDARD = "gnu++14";
				CLANG_CXX_LIBRARY = "libc++";
				CLANG_ENABLE_MODULES = YES;
				CLANG_ENABLE_OBJC_ARC = YES;
				CLANG_ENABLE_OBJC_WEAK = YES;
				CLANG_WARN_BLOCK_CAPTURE_AUTORELEASING = YES;
				CLANG_WARN_BOOL_CONVERSION = YES;
				CLANG_WARN_COMMA = YES;
				CLANG_WARN_CONSTANT_CONVERSION = YES;
				CLANG_WARN_DEPRECATED_OBJC_IMPLEMENTATIONS = YES;
				CLANG_WARN_DIRECT_OBJC_ISA_USAGE = YES_ERROR;
				CLANG_WARN_DOCUMENTATION_COMMENTS = YES;
				CLANG_WARN_EMPTY_BODY = YES;
				CLANG_WARN_ENUM_CONVERSION = YES;
				CLANG_WARN_INFINITE_RECURSION = YES;
				CLANG_WARN_INT_CONVERSION = YES;
				CLANG_WARN_NON_LITERAL_NULL_CONVERSION = YES;
				CLANG_WARN_OBJC_IMPLICIT_RETAIN_SELF = YES;
				CLANG_WARN_OBJC_LITERAL_CONVERSION = YES;
				CLANG_WARN_OBJC_ROOT_CLASS = YES_ERROR;
				CLANG_WARN_RANGE_LOOP_ANALYSIS = YES;
				CLANG_WARN_STRICT_PROTOTYPES = YES;
				CLANG_WARN_SUSPICIOUS_MOVE = YES;
				CLANG_WARN_UNGUARDED_AVAILABILITY = YES_AGGRESSIVE;
				CLANG_WARN_UNREACHABLE_CODE = YES;
				CLANG_WARN__DUPLICATE_METHOD_MATCH = YES;
				CODE_SIGN_IDENTITY = "iPhone Developer";
				COPY_PHASE_STRIP = NO;
				DEBUG_INFORMATION_FORMAT = dwarf;
				ENABLE_STRICT_OBJC_MSGSEND = YES;
				ENABLE_TESTABILITY = YES;
				GCC_C_LANGUAGE_STANDARD = gnu11;
				GCC_DYNAMIC_NO_PIC = NO;
				GCC_NO_COMMON_BLOCKS = YES;
				GCC_OPTIMIZATION_LEVEL = 0;
				GCC_PREPROCESSOR_DEFINITIONS = (
					"DEBUG=1",
					"$(inherited)",
				);
				GCC_WARN_64_TO_32_BIT_CONVERSION = YES;
				GCC_WARN_ABOUT_RETURN_TYPE = YES_ERROR;
				GCC_WARN_UNDECLARED_SELECTOR = YES;
				GCC_WARN_UNINITIALIZED_AUTOS = YES_AGGRESSIVE;
				GCC_WARN_UNUSED_FUNCTION = YES;
				GCC_WARN_UNUSED_VARIABLE = YES;
				IPHONEOS_DEPLOYMENT_TARGET = 12.2;
				MTL_ENABLE_DEBUG_INFO = INCLUDE_SOURCE;
				MTL_FAST_MATH = YES;
				ONLY_ACTIVE_ARCH = YES;
				SDKROOT = iphoneos;
				SWIFT_ACTIVE_COMPILATION_CONDITIONS = DEBUG;
				SWIFT_OPTIMIZATION_LEVEL = "-Onone";
			};
			name = Debug;
		};
		FC55FB70225E8ACE00D0297D /* Release */ = {
			isa = XCBuildConfiguration;
			buildSettings = {
				ALWAYS_SEARCH_USER_PATHS = NO;
				CLANG_ANALYZER_NONNULL = YES;
				CLANG_ANALYZER_NUMBER_OBJECT_CONVERSION = YES_AGGRESSIVE;
				CLANG_CXX_LANGUAGE_STANDARD = "gnu++14";
				CLANG_CXX_LIBRARY = "libc++";
				CLANG_ENABLE_MODULES = YES;
				CLANG_ENABLE_OBJC_ARC = YES;
				CLANG_ENABLE_OBJC_WEAK = YES;
				CLANG_WARN_BLOCK_CAPTURE_AUTORELEASING = YES;
				CLANG_WARN_BOOL_CONVERSION = YES;
				CLANG_WARN_COMMA = YES;
				CLANG_WARN_CONSTANT_CONVERSION = YES;
				CLANG_WARN_DEPRECATED_OBJC_IMPLEMENTATIONS = YES;
				CLANG_WARN_DIRECT_OBJC_ISA_USAGE = YES_ERROR;
				CLANG_WARN_DOCUMENTATION_COMMENTS = YES;
				CLANG_WARN_EMPTY_BODY = YES;
				CLANG_WARN_ENUM_CONVERSION = YES;
				CLANG_WARN_INFINITE_RECURSION = YES;
				CLANG_WARN_INT_CONVERSION = YES;
				CLANG_WARN_NON_LITERAL_NULL_CONVERSION = YES;
				CLANG_WARN_OBJC_IMPLICIT_RETAIN_SELF = YES;
				CLANG_WARN_OBJC_LITERAL_CONVERSION = YES;
				CLANG_WARN_OBJC_ROOT_CLASS = YES_ERROR;
				CLANG_WARN_RANGE_LOOP_ANALYSIS = YES;
				CLANG_WARN_STRICT_PROTOTYPES = YES;
				CLANG_WARN_SUSPICIOUS_MOVE = YES;
				CLANG_WARN_UNGUARDED_AVAILABILITY = YES_AGGRESSIVE;
				CLANG_WARN_UNREACHABLE_CODE = YES;
				CLANG_WARN__DUPLICATE_METHOD_MATCH = YES;
				CODE_SIGN_IDENTITY = "iPhone Developer";
				COPY_PHASE_STRIP = NO;
				DEBUG_INFORMATION_FORMAT = "dwarf-with-dsym";
				ENABLE_NS_ASSERTIONS = NO;
				ENABLE_STRICT_OBJC_MSGSEND = YES;
				GCC_C_LANGUAGE_STANDARD = gnu11;
				GCC_NO_COMMON_BLOCKS = YES;
				GCC_WARN_64_TO_32_BIT_CONVERSION = YES;
				GCC_WARN_ABOUT_RETURN_TYPE = YES_ERROR;
				GCC_WARN_UNDECLARED_SELECTOR = YES;
				GCC_WARN_UNINITIALIZED_AUTOS = YES_AGGRESSIVE;
				GCC_WARN_UNUSED_FUNCTION = YES;
				GCC_WARN_UNUSED_VARIABLE = YES;
				IPHONEOS_DEPLOYMENT_TARGET = 12.2;
				MTL_ENABLE_DEBUG_INFO = NO;
				MTL_FAST_MATH = YES;
				SDKROOT = iphoneos;
				SWIFT_COMPILATION_MODE = wholemodule;
				SWIFT_OPTIMIZATION_LEVEL = "-O";
				VALIDATE_PRODUCT = YES;
			};
			name = Release;
		};
		FC55FB72225E8ACE00D0297D /* Debug */ = {
			isa = XCBuildConfiguration;
			buildSettings = {
				ASSETCATALOG_COMPILER_APPICON_NAME = AppIcon;
				CODE_SIGN_STYLE = Automatic;
				DEVELOPMENT_TEAM = 3SMXMP42NY;
				INFOPLIST_FILE = GetItDone/Info.plist;
				LD_RUNPATH_SEARCH_PATHS = (
					"$(inherited)",
					"@executable_path/Frameworks",
				);
				PRODUCT_BUNDLE_IDENTIFIER = com.omrobbie.GetItDone;
				PRODUCT_NAME = "$(TARGET_NAME)";
				SWIFT_VERSION = 5.0;
				TARGETED_DEVICE_FAMILY = "1,2";
			};
			name = Debug;
		};
		FC55FB73225E8ACE00D0297D /* Release */ = {
			isa = XCBuildConfiguration;
			buildSettings = {
				ASSETCATALOG_COMPILER_APPICON_NAME = AppIcon;
				CODE_SIGN_STYLE = Automatic;
				DEVELOPMENT_TEAM = 3SMXMP42NY;
				INFOPLIST_FILE = GetItDone/Info.plist;
				LD_RUNPATH_SEARCH_PATHS = (
					"$(inherited)",
					"@executable_path/Frameworks",
				);
				PRODUCT_BUNDLE_IDENTIFIER = com.omrobbie.GetItDone;
				PRODUCT_NAME = "$(TARGET_NAME)";
				SWIFT_VERSION = 5.0;
				TARGETED_DEVICE_FAMILY = "1,2";
			};
			name = Release;
		};
/* End XCBuildConfiguration section */

/* Begin XCConfigurationList section */
		FC55FB57225E8ACD00D0297D /* Build configuration list for PBXProject "GetItDone" */ = {
			isa = XCConfigurationList;
			buildConfigurations = (
				FC55FB6F225E8ACE00D0297D /* Debug */,
				FC55FB70225E8ACE00D0297D /* Release */,
			);
			defaultConfigurationIsVisible = 0;
			defaultConfigurationName = Release;
		};
		FC55FB71225E8ACE00D0297D /* Build configuration list for PBXNativeTarget "GetItDone" */ = {
			isa = XCConfigurationList;
			buildConfigurations = (
				FC55FB72225E8ACE00D0297D /* Debug */,
				FC55FB73225E8ACE00D0297D /* Release */,
			);
			defaultConfigurationIsVisible = 0;
			defaultConfigurationName = Release;
		};
/* End XCConfigurationList section */

/* Begin XCVersionGroup section */
		FC55FB66225E8ACD00D0297D /* GetItDone.xcdatamodeld */ = {
			isa = XCVersionGroup;
			children = (
				FC55FB67225E8ACD00D0297D /* GetItDone.xcdatamodel */,
			);
			currentVersion = FC55FB67225E8ACD00D0297D /* GetItDone.xcdatamodel */;
			path = GetItDone.xcdatamodeld;
			sourceTree = "<group>";
			versionGroupType = wrapper.xcdatamodel;
		};
/* End XCVersionGroup section */
	};
	rootObject = FC55FB54225E8ACD00D0297D /* Project object */;
}
